
Microsoft Visual Studio Solution File, Format Version 12.00
# Visual Studio 2012
Project("{FAE04EC0-301F-11D3-BF4B-00C04F79EFBC}") = "Protection_RHP", "Protection_RHP.csproj", "{FA8876E3-D2E2-4AFB-9DAE-6FAC5389345F}"
EndProject
Global
	GlobalSection(SolutionConfigurationPlatforms) = preSolution
		Debug|Any CPU = Debug|Any CPU
		Release|Any CPU = Release|Any CPU
	EndGlobalSection
	GlobalSection(ProjectConfigurationPlatforms) = postSolution
		{FA8876E3-D2E2-4AFB-9DAE-6FAC5389345F}.Debug|Any CPU.ActiveCfg = Debug|Any CPU
		{FA8876E3-D2E2-4AFB-9DAE-6FAC5389345F}.Debug|Any CPU.Build.0 = Debug|Any CPU
		{FA8876E3-D2E2-4AFB-9DAE-6FAC5389345F}.Release|Any CPU.ActiveCfg = Release|Any CPU
		{FA8876E3-D2E2-4AFB-9DAE-6FAC5389345F}.Release|Any CPU.Build.0 = Release|Any CPU
	EndGlobalSection
	GlobalSection(SolutionProperties) = preSolution
		HideSolutionNode = FALSE
	EndGlobalSection
EndGlobal
